
Microsoft Visual Studio Solution File, Format Version 12.00
# Visual Studio 2017
Project("{FAE04EC0-301F-11D3-BF4B-00C04F79EFBC}") = "MS_Project_Test1.Plugins", "MS_Project_Test1.Plugins.csproj", "{B005F48C-76D8-4565-F321-80AD5D937C70}"
EndProject
Project("{FAE04EC0-301F-11D3-BF4B-00C04F79EFBC}") = "MS_Project_Test1", "MS_Project_Test1.csproj", "{8C0A378D-1D7B-FEFA-3465-8EDC73DAFDB1}"
EndProject
Project("{FAE04EC0-301F-11D3-BF4B-00C04F79EFBC}") = "MS_Project_Test1.Editor.Plugins", "MS_Project_Test1.Editor.Plugins.csproj", "{EF2C3DB3-D659-C36F-A903-17563DA704B0}"
EndProject
Global
	GlobalSection(SolutionConfigurationPlatforms) = preSolution
		Debug|Any CPU = Debug|Any CPU
		Release|Any CPU = Release|Any CPU
	EndGlobalSection
	GlobalSection(ProjectConfigurationPlatforms) = postSolution
		{B005F48C-76D8-4565-F321-80AD5D937C70}.Debug|Any CPU.ActiveCfg = Debug|Any CPU
		{B005F48C-76D8-4565-F321-80AD5D937C70}.Debug|Any CPU.Build.0 = Debug|Any CPU
		{B005F48C-76D8-4565-F321-80AD5D937C70}.Release|Any CPU.ActiveCfg = Release|Any CPU
		{B005F48C-76D8-4565-F321-80AD5D937C70}.Release|Any CPU.Build.0 = Release|Any CPU
		{8C0A378D-1D7B-FEFA-3465-8EDC73DAFDB1}.Debug|Any CPU.ActiveCfg = Debug|Any CPU
		{8C0A378D-1D7B-FEFA-3465-8EDC73DAFDB1}.Debug|Any CPU.Build.0 = Debug|Any CPU
		{8C0A378D-1D7B-FEFA-3465-8EDC73DAFDB1}.Release|Any CPU.ActiveCfg = Release|Any CPU
		{8C0A378D-1D7B-FEFA-3465-8EDC73DAFDB1}.Release|Any CPU.Build.0 = Release|Any CPU
		{EF2C3DB3-D659-C36F-A903-17563DA704B0}.Debug|Any CPU.ActiveCfg = Debug|Any CPU
		{EF2C3DB3-D659-C36F-A903-17563DA704B0}.Debug|Any CPU.Build.0 = Debug|Any CPU
		{EF2C3DB3-D659-C36F-A903-17563DA704B0}.Release|Any CPU.ActiveCfg = Release|Any CPU
		{EF2C3DB3-D659-C36F-A903-17563DA704B0}.Release|Any CPU.Build.0 = Release|Any CPU
	EndGlobalSection
	GlobalSection(SolutionProperties) = preSolution
		HideSolutionNode = FALSE
	EndGlobalSection
EndGlobal
